version = 1
requires-python = ">=3.11"

[[package]]
name = "pyxel"
version = "2.2.8"
source = { registry = "https://pypi.org/simple" }
wheels = [
    { url = "https://files.pythonhosted.org/packages/9a/d2/c13d8644b3e31bcd511a3dd1b0853d2dd4abfebd16245aa1da44cf231cef/pyxel-2.2.8-cp38-abi3-macosx_10_12_x86_64.whl", hash = "sha256:0bdbe2460f6516b8ce49e2f34b30254aef6fbe454631d223a890e05e55af0812", size = 3102524 },
    { url = "https://files.pythonhosted.org/packages/51/7c/b418b2dfd156f06b0f268321a97e91c266f68c5361013d99dbc1fa142c01/pyxel-2.2.8-cp38-abi3-macosx_11_0_arm64.whl", hash = "sha256:ab7b48c7e3fbe7adee61ea07ca5ca45b90ebfd9625374c7de9bd586e3ca8ba89", size = 2935191 },
    { url = "https://files.pythonhosted.org/packages/33/b2/5158ac28a57d8a224389be5dff4a37382d68a0e35f81b1aea3e308a95f7a/pyxel-2.2.8-cp38-abi3-manylinux_2_17_aarch64.manylinux2014_aarch64.whl", hash = "sha256:d5ad3b15bf78116f07a1bcb66f22631559b65cf15d15298a972f4d97bccde344", size = 2918239 },
    { url = "https://files.pythonhosted.org/packages/40/92/f422bf47e573baf69bd2b8ac928d97686f729c91774a9468b8ff89b16268/pyxel-2.2.8-cp38-abi3-manylinux_2_17_armv7l.manylinux2014_armv7l.whl", hash = "sha256:56d4ea47efb0080f0084052f7817a94170a7346f32ef3de61807650190aad9c0", size = 2935863 },
    { url = "https://files.pythonhosted.org/packages/c6/de/2f25593532860d014bd8d77dfb4d1ce09651c01a19501ba37ad2fc340d4e/pyxel-2.2.8-cp38-abi3-manylinux_2_17_i686.manylinux2014_i686.whl", hash = "sha256:76daae418838b207d340d03b7ca9a580b8147689b680cd15098b32085d176be8", size = 3176559 },
    { url = "https://files.pythonhosted.org/packages/ba/3b/caefdf83446ac7c06fcd101c426f573208b02274ae785d16fe2f0dc69448/pyxel-2.2.8-cp38-abi3-manylinux_2_17_x86_64.manylinux2014_x86_64.whl", hash = "sha256:1c81844b3282d5caf182075e105dc11f1edce70ef300256cf8888a2b8dafdb1d", size = 2976416 },
    { url = "https://files.pythonhosted.org/packages/70/94/86738a1f073ca808ff72f0d7d98dfd249808cf2ee3998b6af1e17e7d78e4/pyxel-2.2.8-cp38-abi3-win32.whl", hash = "sha256:1497c1c446be0176088260fe9ef589a1fd8582053eae2a622f05ac27bed8dd8b", size = 3056412 },
    { url = "https://files.pythonhosted.org/packages/96/5e/a6e5750a3af6ad1b6fe5008f5c5a416b2a94b5fe18f8ef236ab53acf9996/pyxel-2.2.8-cp38-abi3-win_amd64.whl", hash = "sha256:14d22d85ccb57aab2f043d4e82b9d404c513501efbf5fb240eead02708b6a873", size = 3202953 },
]

[[package]]
name = "pyxel-practice"
version = "0.1.0"
source = { virtual = "." }
dependencies = [
    { name = "pyxel" },
]

[package.metadata]
requires-dist = [{ name = "pyxel", specifier = ">=2.2.8" }]
